
Microsoft Visual Studio Solution File, Format Version 12.00
# Visual Studio 15
VisualStudioVersion = 15.0.28010.2041
MinimumVisualStudioVersion = 10.0.40219.1
Project("{FAE04EC0-301F-11D3-BF4B-00C04F79EFBC}") = "PersonnelManager.Application", "PersonnelManager.Application\PersonnelManager.Application.csproj", "{8B3A70F3-434C-44C7-B701-F126555B00F4}"
EndProject
Project("{FAE04EC0-301F-11D3-BF4B-00C04F79EFBC}") = "PersonnelManager.Business", "PersonnelManager.Services\PersonnelManager.Business.csproj", "{0DBC7F04-572A-4ECB-A1BA-C18F83A8FCAB}"
EndProject
Project("{FAE04EC0-301F-11D3-BF4B-00C04F79EFBC}") = "PersonnelManager.Dal", "PersonnelManager.Data\PersonnelManager.Dal.csproj", "{BAC10418-3B08-4712-8E72-0F2CB6E7EF32}"
EndProject
Project("{2150E333-8FDC-42A3-9474-1A3956D46DE8}") = "Tests", "Tests", "{953BAA9D-220F-4732-9B64-A8FD4A437C07}"
EndProject
Project("{FAE04EC0-301F-11D3-BF4B-00C04F79EFBC}") = "PersonnelManager.Business.Tests", "Tests\PersonnelManager.Business.Tests\PersonnelManager.Business.Tests.csproj", "{9CDBE8AF-3044-414B-A770-7E11E40B8BFD}"
EndProject
Global
	GlobalSection(SolutionConfigurationPlatforms) = preSolution
		Debug|Any CPU = Debug|Any CPU
		Release|Any CPU = Release|Any CPU
	EndGlobalSection
	GlobalSection(ProjectConfigurationPlatforms) = postSolution
		{8B3A70F3-434C-44C7-B701-F126555B00F4}.Debug|Any CPU.ActiveCfg = Debug|Any CPU
		{8B3A70F3-434C-44C7-B701-F126555B00F4}.Debug|Any CPU.Build.0 = Debug|Any CPU
		{8B3A70F3-434C-44C7-B701-F126555B00F4}.Release|Any CPU.ActiveCfg = Release|Any CPU
		{8B3A70F3-434C-44C7-B701-F126555B00F4}.Release|Any CPU.Build.0 = Release|Any CPU
		{0DBC7F04-572A-4ECB-A1BA-C18F83A8FCAB}.Debug|Any CPU.ActiveCfg = Debug|Any CPU
		{0DBC7F04-572A-4ECB-A1BA-C18F83A8FCAB}.Debug|Any CPU.Build.0 = Debug|Any CPU
		{0DBC7F04-572A-4ECB-A1BA-C18F83A8FCAB}.Release|Any CPU.ActiveCfg = Release|Any CPU
		{0DBC7F04-572A-4ECB-A1BA-C18F83A8FCAB}.Release|Any CPU.Build.0 = Release|Any CPU
		{BAC10418-3B08-4712-8E72-0F2CB6E7EF32}.Debug|Any CPU.ActiveCfg = Debug|Any CPU
		{BAC10418-3B08-4712-8E72-0F2CB6E7EF32}.Debug|Any CPU.Build.0 = Debug|Any CPU
		{BAC10418-3B08-4712-8E72-0F2CB6E7EF32}.Release|Any CPU.ActiveCfg = Release|Any CPU
		{BAC10418-3B08-4712-8E72-0F2CB6E7EF32}.Release|Any CPU.Build.0 = Release|Any CPU
		{9CDBE8AF-3044-414B-A770-7E11E40B8BFD}.Debug|Any CPU.ActiveCfg = Debug|Any CPU
		{9CDBE8AF-3044-414B-A770-7E11E40B8BFD}.Debug|Any CPU.Build.0 = Debug|Any CPU
		{9CDBE8AF-3044-414B-A770-7E11E40B8BFD}.Release|Any CPU.ActiveCfg = Release|Any CPU
		{9CDBE8AF-3044-414B-A770-7E11E40B8BFD}.Release|Any CPU.Build.0 = Release|Any CPU
	EndGlobalSection
	GlobalSection(SolutionProperties) = preSolution
		HideSolutionNode = FALSE
	EndGlobalSection
	GlobalSection(NestedProjects) = preSolution
		{9CDBE8AF-3044-414B-A770-7E11E40B8BFD} = {953BAA9D-220F-4732-9B64-A8FD4A437C07}
	EndGlobalSection
	GlobalSection(ExtensibilityGlobals) = postSolution
		SolutionGuid = {42BE5CF5-2032-404A-9F4D-59102DEE1102}
	EndGlobalSection
EndGlobal
